PODS:
  - DZNEmptyDataSet (1.7.3)
  - iRate (1.11.4)
  - MagicalRecord (2.3.2):
    - MagicalRecord/Core (= 2.3.2)
  - MagicalRecord/Core (2.3.2)
  - PDTSimpleCalendar (0.9.1)
  - PKRevealController (2.0.6)

DEPENDENCIES:
  - DZNEmptyDataSet
  - iRate
  - MagicalRecord
  - PDTSimpleCalendar
  - PKRevealController

SPEC CHECKSUMS:
  DZNEmptyDataSet: dd7cca17c1d07dfa78956859b1e70a52505678ef
  iRate: 599ed07c854e0695f3c605d1b2a64c67d912acb7
  MagicalRecord: 53bed74b4323b930992a725be713e53b37d19755
  PDTSimpleCalendar: d1c03387678422715dc021aa1a85d70f4d1014f2
  PKRevealController: ffb45a16f5a5032ad90a3d16e5cbb0d8e035bd58

PODFILE CHECKSUM: 3510c90eff842e80f0bcba35585708fa1ee0d38f

COCOAPODS: 1.0.0.beta.4
